{
  "object": {
    "pins": [
      {
        "package": "swift-argument-parser",
        "repositoryURL": "https://github.com/apple/swift-argument-parser.git",
        "state": {
          "branch": null,
          "revision": "9f04d1ff1afbccd02279338a2c91e5f27c45e93a",
          "version": "0.0.5"
        }
      },
      {
        "package": "SwiftSyntax",
        "repositoryURL": "https://github.com/apple/swift-syntax.git",
        "state": {
          "branch": "0.50200.0",
          "revision": "0688b9cfc4c3dd234e4f55f1f056b2affc849873",
          "version": null
        }
      },
      {
        "package": "TAP",
        "repositoryURL": "https://github.com/SwiftDocOrg/TAP.git",
        "state": {
          "branch": null,
          "revision": "768b937be16d585d61d1496cc2c99518429650ff",
          "version": "0.0.2"
        }
      },
      {
        "package": "Yams",
        "repositoryURL": "https://github.com/jpsim/Yams.git",
        "state": {
          "branch": null,
          "revision": "c947a306d2e80ecb2c0859047b35c73b8e1ca27f",
          "version": "2.0.0"
        }
      }
    ]
  },
  "version": 1
}
